PODS:
  - app_links (0.0.1):
    - Flutter
  - CleverTap-iOS-SDK (5.2.1):
    - SDWebImage (~> 5.11)
  - clevertap_plugin (1.9.1):
    - CleverTap-iOS-SDK (= 5.2.1)
    - Flutter
  - connectivity_plus (0.0.1):
    - Flutter
    - ReachabilitySwift
  - datadog_flutter_plugin (0.0.1):
    - DatadogSDK (= 1.23.0)
    - DatadogSDKCrashReporting (= 1.23.0)
    - DictionaryCoder (= 1.0.8)
    - Flutter
  - DatadogSDK (1.23.0)
  - DatadogSDKCrashReporting (1.23.0):
    - DatadogSDK (= 1.23.0)
    - PLCrashReporter (~> 1.11.0)
  - device_info_plus (0.0.1):
    - Flutter
  - DictionaryCoder (1.0.8)
  - DKImagePickerController/Core (4.3.8):
    - DKImagePickerController/ImageDataManager
    - DKImagePickerController/Resource
  - DKImagePickerController/ImageDataManager (4.3.8)
  - DKImagePickerController/PhotoGallery (4.3.8):
    - DKImagePickerController/Core
    - DKPhotoGallery
  - DKImagePickerController/Resource (4.3.8)
  - DKPhotoGallery (0.0.17):
    - DKPhotoGallery/Core (= 0.0.17)
    - DKPhotoGallery/Model (= 0.0.17)
    - DKPhotoGallery/Preview (= 0.0.17)
    - DKPhotoGallery/Resource (= 0.0.17)
    - SDWebImage
    - SwiftyGif
  - DKPhotoGallery/Core (0.0.17):
    - DKPhotoGallery/Model
    - DKPhotoGallery/Preview
    - SDWebImage
    - SwiftyGif
  - DKPhotoGallery/Model (0.0.17):
    - SDWebImage
    - SwiftyGif
  - DKPhotoGallery/Preview (0.0.17):
    - DKPhotoGallery/Model
    - DKPhotoGallery/Resource
    - SDWebImage
    - SwiftyGif
  - DKPhotoGallery/Resource (0.0.17):
    - SDWebImage
    - SwiftyGif
  - file_picker (0.0.1):
    - DKImagePickerController/PhotoGallery
    - Flutter
  - Firebase/Analytics (10.24.0):
    - Firebase/Core
  - Firebase/Core (10.24.0):
    - Firebase/CoreOnly
    - FirebaseAnalytics (~> 10.24.0)
  - Firebase/CoreOnly (10.24.0):
    - FirebaseCore (= 10.24.0)
  - Firebase/Crashlytics (10.24.0):
    - Firebase/CoreOnly
    - FirebaseCrashlytics (~> 10.24.0)
  - Firebase/Messaging (10.24.0):
    - Firebase/CoreOnly
    - FirebaseMessaging (~> 10.24.0)
  - Firebase/Performance (10.24.0):
    - Firebase/CoreOnly
    - FirebasePerformance (~> 10.24.0)
  - Firebase/RemoteConfig (10.24.0):
    - Firebase/CoreOnly
    - FirebaseRemoteConfig (~> 10.24.0)
  - firebase_analytics (10.8.9):
    - Firebase/Analytics (= 10.24.0)
    - firebase_core
    - Flutter
  - firebase_core (2.30.1):
    - Firebase/CoreOnly (= 10.24.0)
    - Flutter
  - firebase_crashlytics (3.4.18):
    - Firebase/Crashlytics (= 10.24.0)
    - firebase_core
    - Flutter
  - firebase_messaging (14.7.19):
    - Firebase/Messaging (= 10.24.0)
    - firebase_core
    - Flutter
  - firebase_performance (0.9.3-17):
    - Firebase/Performance (= 10.24.0)
    - firebase_core
    - Flutter
  - firebase_remote_config (4.3.17):
    - Firebase/RemoteConfig (= 10.24.0)
    - firebase_core
    - Flutter
  - FirebaseABTesting (10.24.0):
    - FirebaseCore (~> 10.0)
  - FirebaseAnalytics (10.24.0):
    - FirebaseAnalytics/AdIdSupport (= 10.24.0)
    - FirebaseCore (~> 10.0)
    - FirebaseInstallations (~> 10.0)
    - GoogleUtilities/AppDelegateSwizzler (~> 7.11)
    - GoogleUtilities/MethodSwizzler (~> 7.11)
    - GoogleUtilities/Network (~> 7.11)
    - "GoogleUtilities/NSData+zlib (~> 7.11)"
    - nanopb (< 2.30911.0, >= 2.30908.0)
  - FirebaseAnalytics/AdIdSupport (10.24.0):
    - FirebaseCore (~> 10.0)
    - FirebaseInstallations (~> 10.0)
    - GoogleAppMeasurement (= 10.24.0)
    - GoogleUtilities/AppDelegateSwizzler (~> 7.11)
    - GoogleUtilities/MethodSwizzler (~> 7.11)
    - GoogleUtilities/Network (~> 7.11)
    - "GoogleUtilities/NSData+zlib (~> 7.11)"
    - nanopb (< 2.30911.0, >= 2.30908.0)
  - FirebaseCore (10.24.0):
    - FirebaseCoreInternal (~> 10.0)
    - GoogleUtilities/Environment (~> 7.12)
    - GoogleUtilities/Logger (~> 7.12)
  - FirebaseCoreExtension (10.24.0):
    - FirebaseCore (~> 10.0)
  - FirebaseCoreInternal (10.24.0):
    - "GoogleUtilities/NSData+zlib (~> 7.8)"
  - FirebaseCrashlytics (10.24.0):
    - FirebaseCore (~> 10.5)
    - FirebaseInstallations (~> 10.0)
    - FirebaseRemoteConfigInterop (~> 10.23)
    - FirebaseSessions (~> 10.5)
    - GoogleDataTransport (~> 9.2)
    - GoogleUtilities/Environment (~> 7.8)
    - nanopb (< 2.30911.0, >= 2.30908.0)
    - PromisesObjC (~> 2.1)
  - FirebaseInstallations (10.24.0):
    - FirebaseCore (~> 10.0)
    - GoogleUtilities/Environment (~> 7.8)
    - GoogleUtilities/UserDefaults (~> 7.8)
    - PromisesObjC (~> 2.1)
  - FirebaseMessaging (10.24.0):
    - FirebaseCore (~> 10.0)
    - FirebaseInstallations (~> 10.0)
    - GoogleDataTransport (~> 9.3)
    - GoogleUtilities/AppDelegateSwizzler (~> 7.8)
    - GoogleUtilities/Environment (~> 7.8)
    - GoogleUtilities/Reachability (~> 7.8)
    - GoogleUtilities/UserDefaults (~> 7.8)
    - nanopb (< 2.30911.0, >= 2.30908.0)
  - FirebasePerformance (10.24.0):
    - FirebaseCore (~> 10.5)
    - FirebaseInstallations (~> 10.0)
    - FirebaseRemoteConfig (~> 10.0)
    - FirebaseSessions (~> 10.5)
    - GoogleDataTransport (~> 9.2)
    - GoogleUtilities/Environment (~> 7.8)
    - GoogleUtilities/ISASwizzler (~> 7.8)
    - GoogleUtilities/MethodSwizzler (~> 7.8)
    - nanopb (< 2.30911.0, >= 2.30908.0)
  - FirebaseRemoteConfig (10.24.0):
    - FirebaseABTesting (~> 10.0)
    - FirebaseCore (~> 10.0)
    - FirebaseInstallations (~> 10.0)
    - FirebaseRemoteConfigInterop (~> 10.23)
    - FirebaseSharedSwift (~> 10.0)
    - GoogleUtilities/Environment (~> 7.8)
    - "GoogleUtilities/NSData+zlib (~> 7.8)"
  - FirebaseRemoteConfigInterop (10.24.0)
  - FirebaseSessions (10.24.0):
    - FirebaseCore (~> 10.5)
    - FirebaseCoreExtension (~> 10.0)
    - FirebaseInstallations (~> 10.0)
    - GoogleDataTransport (~> 9.2)
    - GoogleUtilities/Environment (~> 7.10)
    - nanopb (< 2.30911.0, >= 2.30908.0)
    - PromisesSwift (~> 2.1)
  - FirebaseSharedSwift (10.24.0)
  - Flutter (1.0.0)
  - flutter_inappwebview (0.0.1):
    - Flutter
    - flutter_inappwebview/Core (= 0.0.1)
    - OrderedSet (~> 5.0)
  - flutter_inappwebview/Core (0.0.1):
    - Flutter
    - OrderedSet (~> 5.0)
  - flutter_local_notifications (0.0.1):
    - Flutter
  - flutter_native_splash (0.0.1):
    - Flutter
  - flutter_pdfview (1.0.2):
    - Flutter
  - flutter_secure_storage (6.0.0):
    - Flutter
  - GoogleAppMeasurement (10.24.0):
    - GoogleAppMeasurement/AdIdSupport (= 10.24.0)
    - GoogleUtilities/AppDelegateSwizzler (~> 7.11)
    - GoogleUtilities/MethodSwizzler (~> 7.11)
    - GoogleUtilities/Network (~> 7.11)
    - "GoogleUtilities/NSData+zlib (~> 7.11)"
    - nanopb (< 2.30911.0, >= 2.30908.0)
  - GoogleAppMeasurement/AdIdSupport (10.24.0):
    - GoogleAppMeasurement/WithoutAdIdSupport (= 10.24.0)
    - GoogleUtilities/AppDelegateSwizzler (~> 7.11)
    - GoogleUtilities/MethodSwizzler (~> 7.11)
    - GoogleUtilities/Network (~> 7.11)
    - "GoogleUtilities/NSData+zlib (~> 7.11)"
    - nanopb (< 2.30911.0, >= 2.30908.0)
  - GoogleAppMeasurement/WithoutAdIdSupport (10.24.0):
    - GoogleUtilities/AppDelegateSwizzler (~> 7.11)
    - GoogleUtilities/MethodSwizzler (~> 7.11)
    - GoogleUtilities/Network (~> 7.11)
    - "GoogleUtilities/NSData+zlib (~> 7.11)"
    - nanopb (< 2.30911.0, >= 2.30908.0)
  - GoogleDataTransport (9.4.1):
    - GoogleUtilities/Environment (~> 7.7)
    - nanopb (< 2.30911.0, >= 2.30908.0)
    - PromisesObjC (< 3.0, >= 1.2)
  - GoogleUtilities/AppDelegateSwizzler (7.13.0):
    - GoogleUtilities/Environment
    - GoogleUtilities/Logger
    - GoogleUtilities/Network
    - GoogleUtilities/Privacy
  - GoogleUtilities/Environment (7.13.0):
    - GoogleUtilities/Privacy
    - PromisesObjC (< 3.0, >= 1.2)
  - GoogleUtilities/ISASwizzler (7.13.0):
    - GoogleUtilities/Privacy
  - GoogleUtilities/Logger (7.13.0):
    - GoogleUtilities/Environment
    - GoogleUtilities/Privacy
  - GoogleUtilities/MethodSwizzler (7.13.0):
    - GoogleUtilities/Logger
    - GoogleUtilities/Privacy
  - GoogleUtilities/Network (7.13.0):
    - GoogleUtilities/Logger
    - "GoogleUtilities/NSData+zlib"
    - GoogleUtilities/Privacy
    - GoogleUtilities/Reachability
  - "GoogleUtilities/NSData+zlib (7.13.0)":
    - GoogleUtilities/Privacy
  - GoogleUtilities/Privacy (7.13.0)
  - GoogleUtilities/Reachability (7.13.0):
    - GoogleUtilities/Logger
    - GoogleUtilities/Privacy
  - GoogleUtilities/UserDefaults (7.13.0):
    - GoogleUtilities/Logger
    - GoogleUtilities/Privacy
  - integration_test (0.0.1):
    - Flutter
  - libphonenumber_plugin (0.0.1):
    - Flutter
    - PhoneNumberKit
  - local_auth_ios (0.0.1):
    - Flutter
  - Mixpanel-swift (4.2.0):
    - Mixpanel-swift/Complete (= 4.2.0)
  - Mixpanel-swift/Complete (4.2.0)
  - mixpanel_flutter (2.2.0):
    - Flutter
    - Mixpanel-swift (= 4.2.0)
  - nanopb (2.30910.0):
    - nanopb/decode (= 2.30910.0)
    - nanopb/encode (= 2.30910.0)
  - nanopb/decode (2.30910.0)
  - nanopb/encode (2.30910.0)
  - okta_oidc (0.0.1):
    - Flutter
    - OktaOidc
  - OktaOidc (3.11.5):
    - OktaOidc/AppAuth (= 3.11.5)
    - OktaOidc/Okta (= 3.11.5)
  - OktaOidc/AppAuth (3.11.5)
  - OktaOidc/Okta (3.11.5):
    - OktaOidc/AppAuth
  - open_file_safe (0.0.1):
    - Flutter
  - OrderedSet (5.0.0)
  - package_info_plus (0.4.5):
    - Flutter
  - path_provider_foundation (0.0.1):
    - Flutter
    - FlutterMacOS
  - permission_handler_apple (9.1.1):
    - Flutter
  - PhoneNumberKit (3.7.10):
    - PhoneNumberKit/PhoneNumberKitCore (= 3.7.10)
    - PhoneNumberKit/UIKit (= 3.7.10)
  - PhoneNumberKit/PhoneNumberKitCore (3.7.10)
  - PhoneNumberKit/UIKit (3.7.10):
    - PhoneNumberKit/PhoneNumberKitCore
  - PLCrashReporter (1.11.1)
  - printing (1.0.0):
    - Flutter
  - PromisesObjC (2.4.0)
  - PromisesSwift (2.4.0):
    - PromisesObjC (= 2.4.0)
  - ReachabilitySwift (5.2.2)
  - scandit-datacapture-frameworks-barcode (6.23.0):
    - scandit-datacapture-frameworks-core (= 6.23.0)
    - ScanditBarcodeCapture (= 6.23.0)
  - scandit-datacapture-frameworks-core (6.23.0):
    - ScanditCaptureCore (= 6.23.0)
  - scandit_flutter_datacapture_barcode (6.23.0):
    - Flutter
    - scandit-datacapture-frameworks-barcode (= 6.23.0)
    - scandit_flutter_datacapture_core (= 6.23.0)
  - scandit_flutter_datacapture_core (6.23.0):
    - Flutter
    - scandit-datacapture-frameworks-core (= 6.23.0)
  - ScanditBarcodeCapture (6.23.0):
    - ScanditCaptureCore (= 6.23.0)
  - ScanditCaptureCore (6.23.0)
  - SDWebImage (5.19.1):
    - SDWebImage/Core (= 5.19.1)
  - SDWebImage/Core (5.19.1)
  - shared_preferences_foundation (0.0.1):
    - Flutter
    - FlutterMacOS
  - sqflite (0.0.3):
    - Flutter
    - FlutterMacOS
  - SwiftyGif (5.4.5)
  - url_launcher_ios (0.0.1):
    - Flutter
  - video_player_avfoundation (0.0.1):
    - Flutter
    - FlutterMacOS
  - wakelock (0.0.1):
    - Flutter
  - wakelock_plus (0.0.1):
    - Flutter
  - webview_flutter_wkwebview (0.0.1):
    - Flutter
  - YMChat (1.17.0)
  - ymchat_flutter (0.0.1):
    - Flutter
    - YMChat (~> 1.16)

DEPENDENCIES:
  - app_links (from `.symlinks/plugins/app_links/ios`)
  - clevertap_plugin (from `.symlinks/plugins/clevertap_plugin/ios`)
  - connectivity_plus (from `.symlinks/plugins/connectivity_plus/ios`)
  - datadog_flutter_plugin (from `.symlinks/plugins/datadog_flutter_plugin/ios`)
  - device_info_plus (from `.symlinks/plugins/device_info_plus/ios`)
  - file_picker (from `.symlinks/plugins/file_picker/ios`)
  - firebase_analytics (from `.symlinks/plugins/firebase_analytics/ios`)
  - firebase_core (from `.symlinks/plugins/firebase_core/ios`)
  - firebase_crashlytics (from `.symlinks/plugins/firebase_crashlytics/ios`)
  - firebase_messaging (from `.symlinks/plugins/firebase_messaging/ios`)
  - firebase_performance (from `.symlinks/plugins/firebase_performance/ios`)
  - firebase_remote_config (from `.symlinks/plugins/firebase_remote_config/ios`)
  - Flutter (from `Flutter`)
  - flutter_inappwebview (from `.symlinks/plugins/flutter_inappwebview/ios`)
  - flutter_local_notifications (from `.symlinks/plugins/flutter_local_notifications/ios`)
  - flutter_native_splash (from `.symlinks/plugins/flutter_native_splash/ios`)
  - flutter_pdfview (from `.symlinks/plugins/flutter_pdfview/ios`)
  - flutter_secure_storage (from `.symlinks/plugins/flutter_secure_storage/ios`)
  - integration_test (from `.symlinks/plugins/integration_test/ios`)
  - libphonenumber_plugin (from `.symlinks/plugins/libphonenumber_plugin/ios`)
  - local_auth_ios (from `.symlinks/plugins/local_auth_ios/ios`)
  - mixpanel_flutter (from `.symlinks/plugins/mixpanel_flutter/ios`)
  - okta_oidc (from `.symlinks/plugins/okta_oidc/ios`)
  - open_file_safe (from `.symlinks/plugins/open_file_safe/ios`)
  - package_info_plus (from `.symlinks/plugins/package_info_plus/ios`)
  - path_provider_foundation (from `.symlinks/plugins/path_provider_foundation/darwin`)
  - permission_handler_apple (from `.symlinks/plugins/permission_handler_apple/ios`)
  - printing (from `.symlinks/plugins/printing/ios`)
  - scandit_flutter_datacapture_barcode (from `.symlinks/plugins/scandit_flutter_datacapture_barcode/ios`)
  - scandit_flutter_datacapture_core (from `.symlinks/plugins/scandit_flutter_datacapture_core/ios`)
  - shared_preferences_foundation (from `.symlinks/plugins/shared_preferences_foundation/darwin`)
  - sqflite (from `.symlinks/plugins/sqflite/darwin`)
  - url_launcher_ios (from `.symlinks/plugins/url_launcher_ios/ios`)
  - video_player_avfoundation (from `.symlinks/plugins/video_player_avfoundation/darwin`)
  - wakelock (from `.symlinks/plugins/wakelock/ios`)
  - wakelock_plus (from `.symlinks/plugins/wakelock_plus/ios`)
  - webview_flutter_wkwebview (from `.symlinks/plugins/webview_flutter_wkwebview/ios`)
  - ymchat_flutter (from `.symlinks/plugins/ymchat_flutter/ios`)

SPEC REPOS:
  trunk:
    - CleverTap-iOS-SDK
    - DatadogSDK
    - DatadogSDKCrashReporting
    - DictionaryCoder
    - DKImagePickerController
    - DKPhotoGallery
    - Firebase
    - FirebaseABTesting
    - FirebaseAnalytics
    - FirebaseCore
    - FirebaseCoreExtension
    - FirebaseCoreInternal
    - FirebaseCrashlytics
    - FirebaseInstallations
    - FirebaseMessaging
    - FirebasePerformance
    - FirebaseRemoteConfig
    - FirebaseRemoteConfigInterop
    - FirebaseSessions
    - FirebaseSharedSwift
    - GoogleAppMeasurement
    - GoogleDataTransport
    - GoogleUtilities
    - Mixpanel-swift
    - nanopb
    - OktaOidc
    - OrderedSet
    - PhoneNumberKit
    - PLCrashReporter
    - PromisesObjC
    - PromisesSwift
    - ReachabilitySwift
    - scandit-datacapture-frameworks-barcode
    - scandit-datacapture-frameworks-core
    - ScanditBarcodeCapture
    - ScanditCaptureCore
    - SDWebImage
    - SwiftyGif
    - YMChat

EXTERNAL SOURCES:
  app_links:
    :path: ".symlinks/plugins/app_links/ios"
  clevertap_plugin:
    :path: ".symlinks/plugins/clevertap_plugin/ios"
  connectivity_plus:
    :path: ".symlinks/plugins/connectivity_plus/ios"
  datadog_flutter_plugin:
    :path: ".symlinks/plugins/datadog_flutter_plugin/ios"
  device_info_plus:
    :path: ".symlinks/plugins/device_info_plus/ios"
  file_picker:
    :path: ".symlinks/plugins/file_picker/ios"
  firebase_analytics:
    :path: ".symlinks/plugins/firebase_analytics/ios"
  firebase_core:
    :path: ".symlinks/plugins/firebase_core/ios"
  firebase_crashlytics:
    :path: ".symlinks/plugins/firebase_crashlytics/ios"
  firebase_messaging:
    :path: ".symlinks/plugins/firebase_messaging/ios"
  firebase_performance:
    :path: ".symlinks/plugins/firebase_performance/ios"
  firebase_remote_config:
    :path: ".symlinks/plugins/firebase_remote_config/ios"
  Flutter:
    :path: Flutter
  flutter_inappwebview:
    :path: ".symlinks/plugins/flutter_inappwebview/ios"
  flutter_local_notifications:
    :path: ".symlinks/plugins/flutter_local_notifications/ios"
  flutter_native_splash:
    :path: ".symlinks/plugins/flutter_native_splash/ios"
  flutter_pdfview:
    :path: ".symlinks/plugins/flutter_pdfview/ios"
  flutter_secure_storage:
    :path: ".symlinks/plugins/flutter_secure_storage/ios"
  integration_test:
    :path: ".symlinks/plugins/integration_test/ios"
  libphonenumber_plugin:
    :path: ".symlinks/plugins/libphonenumber_plugin/ios"
  local_auth_ios:
    :path: ".symlinks/plugins/local_auth_ios/ios"
  mixpanel_flutter:
    :path: ".symlinks/plugins/mixpanel_flutter/ios"
  okta_oidc:
    :path: ".symlinks/plugins/okta_oidc/ios"
  open_file_safe:
    :path: ".symlinks/plugins/open_file_safe/ios"
  package_info_plus:
    :path: ".symlinks/plugins/package_info_plus/ios"
  path_provider_foundation:
    :path: ".symlinks/plugins/path_provider_foundation/darwin"
  permission_handler_apple:
    :path: ".symlinks/plugins/permission_handler_apple/ios"
  printing:
    :path: ".symlinks/plugins/printing/ios"
  scandit_flutter_datacapture_barcode:
    :path: ".symlinks/plugins/scandit_flutter_datacapture_barcode/ios"
  scandit_flutter_datacapture_core:
    :path: ".symlinks/plugins/scandit_flutter_datacapture_core/ios"
  shared_preferences_foundation:
    :path: ".symlinks/plugins/shared_preferences_foundation/darwin"
  sqflite:
    :path: ".symlinks/plugins/sqflite/darwin"
  url_launcher_ios:
    :path: ".symlinks/plugins/url_launcher_ios/ios"
  video_player_avfoundation:
    :path: ".symlinks/plugins/video_player_avfoundation/darwin"
  wakelock:
    :path: ".symlinks/plugins/wakelock/ios"
  wakelock_plus:
    :path: ".symlinks/plugins/wakelock_plus/ios"
  webview_flutter_wkwebview:
    :path: ".symlinks/plugins/webview_flutter_wkwebview/ios"
  ymchat_flutter:
    :path: ".symlinks/plugins/ymchat_flutter/ios"

SPEC CHECKSUMS:
  app_links: e70ca16b4b0f88253b3b3660200d4a10b4ea9795
  CleverTap-iOS-SDK: 183b2f5c52ecfcb0d4cc97e0cdfcf080562026f3
  clevertap_plugin: abbbe26f10d875ca3820a0341f658be30984e365
  connectivity_plus: 07c49e96d7fc92bc9920617b83238c4d178b446a
  datadog_flutter_plugin: 8f47e24d1953bd48658d44bb557e173534f26ac2
  DatadogSDK: c2519eea53cc46c17d28a90b9784c3b265afdb52
  DatadogSDKCrashReporting: c3d443bad91788a9c4f781e079fa0a43564bedd7
  device_info_plus: c6fb39579d0f423935b0c9ce7ee2f44b71b9fce6
  DictionaryCoder: 5f84fff69f54cb806071538430bdafe04a89d658
  DKImagePickerController: a7836546cfdfe014171694f643a7d575bc8ace7f
  DKPhotoGallery: fdfad5125a9fdda9cc57df834d49df790dbb4179
  file_picker: ce3938a0df3cc1ef404671531facef740d03f920
  Firebase: 91fefd38712feb9186ea8996af6cbdef41473442
  firebase_analytics: 41c03e93cd40e2d55e4b511345d03238aefd9f76
  firebase_core: 7f1e1156934d0da3be260174812842df9420e4ab
  firebase_crashlytics: 754ecf2bdb7ba7ee4d2f2af063f220670d0a1219
  firebase_messaging: f2d01fd579e858434c71e301b43455a6d583c83f
  firebase_performance: 65160ea02ccb4c5bc1d1095cccc8e57346d2a4fd
  firebase_remote_config: 1e4cc2abcaef5ae3b2e48fe8c0e4f5080b6bbf0c
  FirebaseABTesting: 4431c2c56ac6e56f463b9cab05cc111078639f99
  FirebaseAnalytics: b5efc493eb0f40ec560b04a472e3e1a15d39ca13
  FirebaseCore: 11dc8a16dfb7c5e3c3f45ba0e191a33ac4f50894
  FirebaseCoreExtension: af5fd85e817ea9d19f9a2659a376cf9cf99f03c0
  FirebaseCoreInternal: bcb5acffd4ea05e12a783ecf835f2210ce3dc6af
  FirebaseCrashlytics: af38ea4adfa606f6e63fcc22091b61e7938fcf66
  FirebaseInstallations: 8f581fca6478a50705d2bd2abd66d306e0f5736e
  FirebaseMessaging: 4d52717dd820707cc4eadec5eb981b4832ec8d5d
  FirebasePerformance: 78fed7cf7907f67af3c1e9667d2d1881765f11e2
  FirebaseRemoteConfig: 95dddc50496b37eef199dadce850d5652b534b43
  FirebaseRemoteConfigInterop: 6c349a466490aeace3ce9c091c86be1730711634
  FirebaseSessions: 2651b464e241c93fd44112f995d5ab663c970487
  FirebaseSharedSwift: 76e1529c32101d80e4f1ca2fba7c39d59f0a390a
  Flutter: e0871f40cf51350855a761d2e70bf5af5b9b5de7
  flutter_inappwebview: 3d32228f1304635e7c028b0d4252937730bbc6cf
  flutter_local_notifications: 4cde75091f6327eb8517fa068a0a5950212d2086
  flutter_native_splash: edf599c81f74d093a4daf8e17bd7a018854bc778
  flutter_pdfview: 25f53dd6097661e6395b17de506e6060585946bd
  flutter_secure_storage: 23fc622d89d073675f2eaa109381aefbcf5a49be
  GoogleAppMeasurement: f3abf08495ef2cba7829f15318c373b8d9226491
  GoogleDataTransport: 6c09b596d841063d76d4288cc2d2f42cc36e1e2a
  GoogleUtilities: d053d902a8edaa9904e1bd00c37535385b8ed152
  integration_test: 13825b8a9334a850581300559b8839134b124670
  libphonenumber_plugin: 48bf4078546377eedaab4aa54978cd0f6fa23072
  local_auth_ios: 5046a18c018dd973247a0564496c8898dbb5adf9
  Mixpanel-swift: e5dd85295923e6a875acf17ccbab8d2ecb10ea65
  mixpanel_flutter: ed1e5eaea382cbbaf655d20e23478211727ee011
  nanopb: 438bc412db1928dac798aa6fd75726007be04262
  okta_oidc: bc6da484c380ea7f036b55db794a49ea7ea8153f
  OktaOidc: d1673c544771a6ef5772de0cc899c42f15206ec7
  open_file_safe: 84c01ac91378bd9166ab570d7f22f4fb3532141a
  OrderedSet: aaeb196f7fef5a9edf55d89760da9176ad40b93c
  package_info_plus: 58f0028419748fad15bf008b270aaa8e54380b1c
  path_provider_foundation: 3784922295ac71e43754bd15e0653ccfd36a147c
  permission_handler_apple: e76247795d700c14ea09e3a2d8855d41ee80a2e6
  PhoneNumberKit: 3d9a20cfe8ee68f35c2a3ae9474093133f72a8a1
  PLCrashReporter: 5d2d3967afe0efad61b3048d617e2199a5d1b787
  printing: 233e1b73bd1f4a05615548e9b5a324c98588640b
  PromisesObjC: f5707f49cb48b9636751c5b2e7d227e43fba9f47
  PromisesSwift: 9d77319bbe72ebf6d872900551f7eeba9bce2851
  ReachabilitySwift: 2128f3a8c9107e1ad33574c6e58e8285d460b149
  scandit-datacapture-frameworks-barcode: 762ca89631c6ebad39439f8951696f0d13629571
  scandit-datacapture-frameworks-core: d119afdbda94c92c62a384da357f2beb4f1fe740
  scandit_flutter_datacapture_barcode: aadfdf309fa2597970698ddec1d17af7ce97669e
  scandit_flutter_datacapture_core: e33f040ec849d59614cdc74f32305264e83097d0
  ScanditBarcodeCapture: a008ad5b2fcf6b119ee28bb023578bbdf04bec72
  ScanditCaptureCore: 220aef28ae511600d0db7516991c5f489f50e5f9
  SDWebImage: 40b0b4053e36c660a764958bff99eed16610acbb
  shared_preferences_foundation: b4c3b4cddf1c21f02770737f147a3f5da9d39695
  sqflite: 673a0e54cc04b7d6dba8d24fb8095b31c3a99eec
  SwiftyGif: 706c60cf65fa2bc5ee0313beece843c8eb8194d4
  url_launcher_ios: 6116280ddcfe98ab8820085d8d76ae7449447586
  video_player_avfoundation: 02011213dab73ae3687df27ce441fbbcc82b5579
  wakelock: d0fc7c864128eac40eba1617cb5264d9c940b46f
  wakelock_plus: 78ec7c5b202cab7761af8e2b2b3d0671be6c4ae1
  webview_flutter_wkwebview: b7e70ef1ddded7e69c796c7390ee74180182971f
  YMChat: a711c16ea2a68f477d63a6e0e6523a351565b56c
  ymchat_flutter: ed1b0fec4da203e365674e8174a522283fa25313

PODFILE CHECKSUM: 180d60dd70b55c2916d8f6b9c8a5fc5866f7196c

COCOAPODS: 1.15.2
